
Microsoft Visual Studio Solution File, Format Version 12.00
# Visual Studio Version 16
VisualStudioVersion = 16.0.29123.88
MinimumVisualStudioVersion = 10.0.40219.1
Project("{FAE04EC0-301F-11D3-BF4B-00C04F79EFBC}") = "Snake", "Snake\Snake.csproj", "{DE99DD96-5099-4AD8-A50A-AE4A8D110E4D}"
EndProject
Global
	GlobalSection(SolutionConfigurationPlatforms) = preSolution
		Debug|Any CPU = Debug|Any CPU
		Release|Any CPU = Release|Any CPU
	EndGlobalSection
	GlobalSection(ProjectConfigurationPlatforms) = postSolution
		{DE99DD96-5099-4AD8-A50A-AE4A8D110E4D}.Debug|Any CPU.ActiveCfg = Debug|Any CPU
		{DE99DD96-5099-4AD8-A50A-AE4A8D110E4D}.Debug|Any CPU.Build.0 = Debug|Any CPU
		{DE99DD96-5099-4AD8-A50A-AE4A8D110E4D}.Release|Any CPU.ActiveCfg = Release|Any CPU
		{DE99DD96-5099-4AD8-A50A-AE4A8D110E4D}.Release|Any CPU.Build.0 = Release|Any CPU
	EndGlobalSection
	GlobalSection(SolutionProperties) = preSolution
		HideSolutionNode = FALSE
	EndGlobalSection
	GlobalSection(ExtensibilityGlobals) = postSolution
		SolutionGuid = {9507EB7C-D5B8-4403-A51A-E648F1F95B65}
	EndGlobalSection
EndGlobal
